// !$*UTF8*$!
{
	archiveVersion = 1;
	classes = {
	};
	objectVersion = 46;
	objects = {

/* Begin PBXBuildFile section */
		7AA453391AD5E1B7001D9D82 /* AppDelegate.swift in Sources */ = {isa = PBXBuildFile; fileRef = 7AA453381AD5E1B7001D9D82 /* AppDelegate.swift */; };
		7AA4533B1AD5E1B7001D9D82 /* ViewController.swift in Sources */ = {isa = PBXBuildFile; fileRef = 7AA4533A1AD5E1B7001D9D82 /* ViewController.swift */; };
		7AA4533E1AD5E1B7001D9D82 /* Main.storyboard in Resources */ = {isa = PBXBuildFile; fileRef = 7AA4533C1AD5E1B7001D9D82 /* Main.storyboard */; };
		7AA453401AD5E1B7001D9D82 /* Images.xcassets in Resources */ = {isa = PBXBuildFile; fileRef = 7AA4533F1AD5E1B7001D9D82 /* Images.xcassets */; };
		7AA453431AD5E1B7001D9D82 /* LaunchScreen.xib in Resources */ = {isa = PBXBuildFile; fileRef = 7AA453411AD5E1B7001D9D82 /* LaunchScreen.xib */; };
		7AA4534F1AD5E1B7001D9D82 /* datdogdaysV2Tests.swift in Sources */ = {isa = PBXBuildFile; fileRef = 7AA4534E1AD5E1B7001D9D82 /* datdogdaysV2Tests.swift */; };
		7AA4535B1AD5E900001D9D82 /* bark.m4a in Resources */ = {isa = PBXBuildFile; fileRef = 7AA453581AD5E900001D9D82 /* bark.m4a */; };
		7AA4535C1AD5E900001D9D82 /* catdog2.jpg in Resources */ = {isa = PBXBuildFile; fileRef = 7AA453591AD5E900001D9D82 /* catdog2.jpg */; };
		7AA4535D1AD5E900001D9D82 /* meow.wav in Resources */ = {isa = PBXBuildFile; fileRef = 7AA4535A1AD5E900001D9D82 /* meow.wav */; };
/* End PBXBuildFile section */

/* Begin PBXContainerItemProxy section */
		7AA453491AD5E1B7001D9D82 /* PBXContainerItemProxy */ = {
			isa = PBXContainerItemProxy;
			containerPortal = 7AA4532B1AD5E1B7001D9D82 /* Project object */;
			proxyType = 1;
			remoteGlobalIDString = 7AA453321AD5E1B7001D9D82;
			remoteInfo = datdogdaysV2;
		};
/* End PBXContainerItemProxy section */

/* Begin PBXFileReference section */
		7AA453331AD5E1B7001D9D82 /* datdogdaysV2.app */ = {isa = PBXFileReference; explicitFileType = wrapper.application; includeInIndex = 0; path = datdogdaysV2.app; sourceTree = BUILT_PRODUCTS_DIR; };
		7AA453371AD5E1B7001D9D82 /* Info.plist */ = {isa = PBXFileReference; lastKnownFileType = text.plist.xml; path = Info.plist; sourceTree = "<group>"; };
		7AA453381AD5E1B7001D9D82 /* AppDelegate.swift */ = {isa = PBXFileReference; lastKnownFileType = sourcecode.swift; path = AppDelegate.swift; sourceTree = "<group>"; };
		7AA4533A1AD5E1B7001D9D82 /* ViewController.swift */ = {isa = PBXFileReference; lastKnownFileType = sourcecode.swift; path = ViewController.swift; sourceTree = "<group>"; };
		7AA4533D1AD5E1B7001D9D82 /* Base */ = {isa = PBXFileReference; lastKnownFileType = file.storyboard; name = Base; path = Base.lproj/Main.storyboard; sourceTree = "<group>"; };
		7AA4533F1AD5E1B7001D9D82 /* Images.xcassets */ = {isa = PBXFileReference; lastKnownFileType = folder.assetcatalog; path = Images.xcassets; sourceTree = "<group>"; };
		7AA453421AD5E1B7001D9D82 /* Base */ = {isa = PBXFileReference; lastKnownFileType = file.xib; name = Base; path = Base.lproj/LaunchScreen.xib; sourceTree = "<group>"; };
		7AA453481AD5E1B7001D9D82 /* datdogdaysV2Tests.xctest */ = {isa = PBXFileReference; explicitFileType = wrapper.cfbundle; includeInIndex = 0; path = datdogdaysV2Tests.xctest; sourceTree = BUILT_PRODUCTS_DIR; };
		7AA4534D1AD5E1B7001D9D82 /* Info.plist */ = {isa = PBXFileReference; lastKnownFileType = text.plist.xml; path = Info.plist; sourceTree = "<group>"; };
		7AA4534E1AD5E1B7001D9D82 /* datdogdaysV2Tests.swift */ = {isa = PBXFileReference; lastKnownFileType = sourcecode.swift; path = datdogdaysV2Tests.swift; sourceTree = "<group>"; };
		7AA453581AD5E900001D9D82 /* bark.m4a */ = {isa = PBXFileReference; lastKnownFileType = file; path = bark.m4a; sourceTree = SOURCE_ROOT; };
		7AA453591AD5E900001D9D82 /* catdog2.jpg */ = {isa = PBXFileReference; lastKnownFileType = image.jpeg; path = catdog2.jpg; sourceTree = SOURCE_ROOT; };
		7AA4535A1AD5E900001D9D82 /* meow.wav */ = {isa = PBXFileReference; lastKnownFileType = audio.wav; path = meow.wav; sourceTree = SOURCE_ROOT; };
/* End PBXFileReference section */

/* Begin PBXFrameworksBuildPhase section */
		7AA453301AD5E1B7001D9D82 /* Frameworks */ = {
			isa = PBXFrameworksBuildPhase;
			buildActionMask = 2147483647;
			files = (
			);
			runOnlyForDeploymentPostprocessing = 0;
		};
		7AA453451AD5E1B7001D9D82 /* Frameworks */ = {
			isa = PBXFrameworksBuildPhase;
			buildActionMask = 2147483647;
			files = (
			);
			runOnlyForDeploymentPostprocessing = 0;
		};
/* End PBXFrameworksBuildPhase section */

/* Begin PBXGroup section */
		7AA4532A1AD5E1B7001D9D82 = {
			isa = PBXGroup;
			children = (
				7AA453351AD5E1B7001D9D82 /* datdogdaysV2 */,
				7AA4534B1AD5E1B7001D9D82 /* datdogdaysV2Tests */,
				7AA453341AD5E1B7001D9D82 /* Products */,
			);
			sourceTree = "<group>";
		};
		7AA453341AD5E1B7001D9D82 /* Products */ = {
			isa = PBXGroup;
			children = (
				7AA453331AD5E1B7001D9D82 /* datdogdaysV2.app */,
				7AA453481AD5E1B7001D9D82 /* datdogdaysV2Tests.xctest */,
			);
			name = Products;
			sourceTree = "<group>";
		};
		7AA453351AD5E1B7001D9D82 /* datdogdaysV2 */ = {
			isa = PBXGroup;
			children = (
				7AA453381AD5E1B7001D9D82 /* AppDelegate.swift */,
				7AA4533A1AD5E1B7001D9D82 /* ViewController.swift */,
				7AA4533C1AD5E1B7001D9D82 /* Main.storyboard */,
				7AA4533F1AD5E1B7001D9D82 /* Images.xcassets */,
				7AA453411AD5E1B7001D9D82 /* LaunchScreen.xib */,
				7AA453361AD5E1B7001D9D82 /* Supporting Files */,
			);
			path = datdogdaysV2;
			sourceTree = "<group>";
		};
		7AA453361AD5E1B7001D9D82 /* Supporting Files */ = {
			isa = PBXGroup;
			children = (
				7AA453581AD5E900001D9D82 /* bark.m4a */,
				7AA453591AD5E900001D9D82 /* catdog2.jpg */,
				7AA4535A1AD5E900001D9D82 /* meow.wav */,
				7AA453371AD5E1B7001D9D82 /* Info.plist */,
			);
			name = "Supporting Files";
			sourceTree = "<group>";
		};
		7AA4534B1AD5E1B7001D9D82 /* datdogdaysV2Tests */ = {
			isa = PBXGroup;
			children = (
				7AA4534E1AD5E1B7001D9D82 /* datdogdaysV2Tests.swift */,
				7AA4534C1AD5E1B7001D9D82 /* Supporting Files */,
			);
			path = datdogdaysV2Tests;
			sourceTree = "<group>";
		};
		7AA4534C1AD5E1B7001D9D82 /* Supporting Files */ = {
			isa = PBXGroup;
			children = (
				7AA4534D1AD5E1B7001D9D82 /* Info.plist */,
			);
			name = "Supporting Files";
			sourceTree = "<group>";
		};
/* End PBXGroup section */

/* Begin PBXNativeTarget section */
		7AA453321AD5E1B7001D9D82 /* datdogdaysV2 */ = {
			isa = PBXNativeTarget;
			buildConfigurationList = 7AA453521AD5E1B7001D9D82 /* Build configuration list for PBXNativeTarget "datdogdaysV2" */;
			buildPhases = (
				7AA4532F1AD5E1B7001D9D82 /* Sources */,
				7AA453301AD5E1B7001D9D82 /* Frameworks */,
				7AA453311AD5E1B7001D9D82 /* Resources */,
			);
			buildRules = (
			);
			dependencies = (
			);
			name = datdogdaysV2;
			productName = datdogdaysV2;
			productReference = 7AA453331AD5E1B7001D9D82 /* datdogdaysV2.app */;
			productType = "com.apple.product-type.application";
		};
		7AA453471AD5E1B7001D9D82 /* datdogdaysV2Tests */ = {
			isa = PBXNativeTarget;
			buildConfigurationList = 7AA453551AD5E1B7001D9D82 /* Build configuration list for PBXNativeTarget "datdogdaysV2Tests" */;
			buildPhases = (
				7AA453441AD5E1B7001D9D82 /* Sources */,
				7AA453451AD5E1B7001D9D82 /* Frameworks */,
				7AA453461AD5E1B7001D9D82 /* Resources */,
			);
			buildRules = (
			);
			dependencies = (
				7AA4534A1AD5E1B7001D9D82 /* PBXTargetDependency */,
			);
			name = datdogdaysV2Tests;
			productName = datdogdaysV2Tests;
			productReference = 7AA453481AD5E1B7001D9D82 /* datdogdaysV2Tests.xctest */;
			productType = "com.apple.product-type.bundle.unit-test";
		};
/* End PBXNativeTarget section */

/* Begin PBXProject section */
		7AA4532B1AD5E1B7001D9D82 /* Project object */ = {
			isa = PBXProject;
			attributes = {
				LastUpgradeCheck = 0620;
				ORGANIZATIONNAME = "Paul Fallert";
				TargetAttributes = {
					7AA453321AD5E1B7001D9D82 = {
						CreatedOnToolsVersion = 6.2;
					};
					7AA453471AD5E1B7001D9D82 = {
						CreatedOnToolsVersion = 6.2;
						TestTargetID = 7AA453321AD5E1B7001D9D82;
					};
				};
			};
			buildConfigurationList = 7AA4532E1AD5E1B7001D9D82 /* Build configuration list for PBXProject "datdogdaysV2" */;
			compatibilityVersion = "Xcode 3.2";
			developmentRegion = English;
			hasScannedForEncodings = 0;
			knownRegions = (
				en,
				Base,
			);
			mainGroup = 7AA4532A1AD5E1B7001D9D82;
			productRefGroup = 7AA453341AD5E1B7001D9D82 /* Products */;
			projectDirPath = "";
			projectRoot = "";
			targets = (
				7AA453321AD5E1B7001D9D82 /* datdogdaysV2 */,
				7AA453471AD5E1B7001D9D82 /* datdogdaysV2Tests */,
			);
		};
/* End PBXProject section */

/* Begin PBXResourcesBuildPhase section */
		7AA453311AD5E1B7001D9D82 /* Resources */ = {
			isa = PBXResourcesBuildPhase;
			buildActionMask = 2147483647;
			files = (
				7AA4535D1AD5E900001D9D82 /* meow.wav in Resources */,
				7AA4535B1AD5E900001D9D82 /* bark.m4a in Resources */,
				7AA4533E1AD5E1B7001D9D82 /* Main.storyboard in Resources */,
				7AA453431AD5E1B7001D9D82 /* LaunchScreen.xib in Resources */,
				7AA453401AD5E1B7001D9D82 /* Images.xcassets in Resources */,
				7AA4535C1AD5E900001D9D82 /* catdog2.jpg in Resources */,
			);
			runOnlyForDeploymentPostprocessing = 0;
		};
		7AA453461AD5E1B7001D9D82 /* Resources */ = {
			isa = PBXResourcesBuildPhase;
			buildActionMask = 2147483647;
			files = (
			);
			runOnlyForDeploymentPostprocessing = 0;
		};
/* End PBXResourcesBuildPhase section */

/* Begin PBXSourcesBuildPhase section */
		7AA4532F1AD5E1B7001D9D82 /* Sources */ = {
			isa = PBXSourcesBuildPhase;
			buildActionMask = 2147483647;
			files = (
				7AA4533B1AD5E1B7001D9D82 /* ViewController.swift in Sources */,
				7AA453391AD5E1B7001D9D82 /* AppDelegate.swift in Sources */,
			);
			runOnlyForDeploymentPostprocessing = 0;
		};
		7AA453441AD5E1B7001D9D82 /* Sources */ = {
			isa = PBXSourcesBuildPhase;
			buildActionMask = 2147483647;
			files = (
				7AA4534F1AD5E1B7001D9D82 /* datdogdaysV2Tests.swift in Sources */,
			);
			runOnlyForDeploymentPostprocessing = 0;
		};
/* End PBXSourcesBuildPhase section */

/* Begin PBXTargetDependency section */
		7AA4534A1AD5E1B7001D9D82 /* PBXTargetDependency */ = {
			isa = PBXTargetDependency;
			target = 7AA453321AD5E1B7001D9D82 /* datdogdaysV2 */;
			targetProxy = 7AA453491AD5E1B7001D9D82 /* PBXContainerItemProxy */;
		};
/* End PBXTargetDependency section */

/* Begin PBXVariantGroup section */
		7AA4533C1AD5E1B7001D9D82 /* Main.storyboard */ = {
			isa = PBXVariantGroup;
			children = (
				7AA4533D1AD5E1B7001D9D82 /* Base */,
			);
			name = Main.storyboard;
			sourceTree = "<group>";
		};
		7AA453411AD5E1B7001D9D82 /* LaunchScreen.xib */ = {
			isa = PBXVariantGroup;
			children = (
				7AA453421AD5E1B7001D9D82 /* Base */,
			);
			name = LaunchScreen.xib;
			sourceTree = "<group>";
		};
/* End PBXVariantGroup section */

/* Begin XCBuildConfiguration section */
		7AA453501AD5E1B7001D9D82 /* Debug */ = {
			isa = XCBuildConfiguration;
			buildSettings = {
				ALWAYS_SEARCH_USER_PATHS = NO;
				CLANG_CXX_LANGUAGE_STANDARD = "gnu++0x";
				CLANG_CXX_LIBRARY = "libc++";
				CLANG_ENABLE_MODULES = YES;
				CLANG_ENABLE_OBJC_ARC = YES;
				CLANG_WARN_BOOL_CONVERSION = YES;
				CLANG_WARN_CONSTANT_CONVERSION = YES;
				CLANG_WARN_DIRECT_OBJC_ISA_USAGE = YES_ERROR;
				CLANG_WARN_EMPTY_BODY = YES;
				CLANG_WARN_ENUM_CONVERSION = YES;
				CLANG_WARN_INT_CONVERSION = YES;
				CLANG_WARN_OBJC_ROOT_CLASS = YES_ERROR;
				CLANG_WARN_UNREACHABLE_CODE = YES;
				CLANG_WARN__DUPLICATE_METHOD_MATCH = YES;
				"CODE_SIGN_IDENTITY[sdk=iphoneos*]" = "iPhone Developer";
				COPY_PHASE_STRIP = NO;
				ENABLE_STRICT_OBJC_MSGSEND = YES;
				GCC_C_LANGUAGE_STANDARD = gnu99;
				GCC_DYNAMIC_NO_PIC = NO;
				GCC_OPTIMIZATION_LEVEL = 0;
				GCC_PREPROCESSOR_DEFINITIONS = (
					"DEBUG=1",
					"$(inherited)",
				);
				GCC_SYMBOLS_PRIVATE_EXTERN = NO;
				GCC_WARN_64_TO_32_BIT_CONVERSION = YES;
				GCC_WARN_ABOUT_RETURN_TYPE = YES_ERROR;
				GCC_WARN_UNDECLARED_SELECTOR = YES;
				GCC_WARN_UNINITIALIZED_AUTOS = YES_AGGRESSIVE;
				GCC_WARN_UNUSED_FUNCTION = YES;
				GCC_WARN_UNUSED_VARIABLE = YES;
				IPHONEOS_DEPLOYMENT_TARGET = 8.2;
				MTL_ENABLE_DEBUG_INFO = YES;
				ONLY_ACTIVE_ARCH = YES;
				SDKROOT = iphoneos;
				SWIFT_OPTIMIZATION_LEVEL = "-Onone";
			};
			name = Debug;
		};
		7AA453511AD5E1B7001D9D82 /* Release */ = {
			isa = XCBuildConfiguration;
			buildSettings = {
				ALWAYS_SEARCH_USER_PATHS = NO;
				CLANG_CXX_LANGUAGE_STANDARD = "gnu++0x";
				CLANG_CXX_LIBRARY = "libc++";
				CLANG_ENABLE_MODULES = YES;
				CLANG_ENABLE_OBJC_ARC = YES;
				CLANG_WARN_BOOL_CONVERSION = YES;
				CLANG_WARN_CONSTANT_CONVERSION = YES;
				CLANG_WARN_DIRECT_OBJC_ISA_USAGE = YES_ERROR;
				CLANG_WARN_EMPTY_BODY = YES;
				CLANG_WARN_ENUM_CONVERSION = YES;
				CLANG_WARN_INT_CONVERSION = YES;
				CLANG_WARN_OBJC_ROOT_CLASS = YES_ERROR;
				CLANG_WARN_UNREACHABLE_CODE = YES;
				CLANG_WARN__DUPLICATE_METHOD_MATCH = YES;
				"CODE_SIGN_IDENTITY[sdk=iphoneos*]" = "iPhone Developer";
				COPY_PHASE_STRIP = NO;
				ENABLE_NS_ASSERTIONS = NO;
				ENABLE_STRICT_OBJC_MSGSEND = YES;
				GCC_C_LANGUAGE_STANDARD = gnu99;
				GCC_WARN_64_TO_32_BIT_CONVERSION = YES;
				GCC_WARN_ABOUT_RETURN_TYPE = YES_ERROR;
				GCC_WARN_UNDECLARED_SELECTOR = YES;
				GCC_WARN_UNINITIALIZED_AUTOS = YES_AGGRESSIVE;
				GCC_WARN_UNUSED_FUNCTION = YES;
				GCC_WARN_UNUSED_VARIABLE = YES;
				IPHONEOS_DEPLOYMENT_TARGET = 8.2;
				MTL_ENABLE_DEBUG_INFO = NO;
				SDKROOT = iphoneos;
				VALIDATE_PRODUCT = YES;
			};
			name = Release;
		};
		7AA453531AD5E1B7001D9D82 /* Debug */ = {
			isa = XCBuildConfiguration;
			buildSettings = {
				ASSETCATALOG_COMPILER_APPICON_NAME = AppIcon;
				INFOPLIST_FILE = datdogdaysV2/Info.plist;
				LD_RUNPATH_SEARCH_PATHS = "$(inherited) @executable_path/Frameworks";
				PRODUCT_NAME = "$(TARGET_NAME)";
			};
			name = Debug;
		};
		7AA453541AD5E1B7001D9D82 /* Release */ = {
			isa = XCBuildConfiguration;
			buildSettings = {
				ASSETCATALOG_COMPILER_APPICON_NAME = AppIcon;
				INFOPLIST_FILE = datdogdaysV2/Info.plist;
				LD_RUNPATH_SEARCH_PATHS = "$(inherited) @executable_path/Frameworks";
				PRODUCT_NAME = "$(TARGET_NAME)";
			};
			name = Release;
		};
		7AA453561AD5E1B7001D9D82 /* Debug */ = {
			isa = XCBuildConfiguration;
			buildSettings = {
				BUNDLE_LOADER = "$(TEST_HOST)";
				FRAMEWORK_SEARCH_PATHS = (
					"$(SDKROOT)/Developer/Library/Frameworks",
					"$(inherited)",
				);
				GCC_PREPROCESSOR_DEFINITIONS = (
					"DEBUG=1",
					"$(inherited)",
				);
				INFOPLIST_FILE = datdogdaysV2Tests/Info.plist;
				LD_RUNPATH_SEARCH_PATHS = "$(inherited) @executable_path/Frameworks @loader_path/Frameworks";
				PRODUCT_NAME = "$(TARGET_NAME)";
				TEST_HOST = "$(BUILT_PRODUCTS_DIR)/datdogdaysV2.app/datdogdaysV2";
			};
			name = Debug;
		};
		7AA453571AD5E1B7001D9D82 /* Release */ = {
			isa = XCBuildConfiguration;
			buildSettings = {
				BUNDLE_LOADER = "$(TEST_HOST)";
				FRAMEWORK_SEARCH_PATHS = (
					"$(SDKROOT)/Developer/Library/Frameworks",
					"$(inherited)",
				);
				INFOPLIST_FILE = datdogdaysV2Tests/Info.plist;
				LD_RUNPATH_SEARCH_PATHS = "$(inherited) @executable_path/Frameworks @loader_path/Frameworks";
				PRODUCT_NAME = "$(TARGET_NAME)";
				TEST_HOST = "$(BUILT_PRODUCTS_DIR)/datdogdaysV2.app/datdogdaysV2";
			};
			name = Release;
		};
/* End XCBuildConfiguration section */

/* Begin XCConfigurationList section */
		7AA4532E1AD5E1B7001D9D82 /* Build configuration list for PBXProject "datdogdaysV2" */ = {
			isa = XCConfigurationList;
			buildConfigurations = (
				7AA453501AD5E1B7001D9D82 /* Debug */,
				7AA453511AD5E1B7001D9D82 /* Release */,
			);
			defaultConfigurationIsVisible = 0;
			defaultConfigurationName = Release;
		};
		7AA453521AD5E1B7001D9D82 /* Build configuration list for PBXNativeTarget "datdogdaysV2" */ = {
			isa = XCConfigurationList;
			buildConfigurations = (
				7AA453531AD5E1B7001D9D82 /* Debug */,
				7AA453541AD5E1B7001D9D82 /* Release */,
			);
			defaultConfigurationIsVisible = 0;
		};
		7AA453551AD5E1B7001D9D82 /* Build configuration list for PBXNativeTarget "datdogdaysV2Tests" */ = {
			isa = XCConfigurationList;
			buildConfigurations = (
				7AA453561AD5E1B7001D9D82 /* Debug */,
				7AA453571AD5E1B7001D9D82 /* Release */,
			);
			defaultConfigurationIsVisible = 0;
		};
/* End XCConfigurationList section */
	};
	rootObject = 7AA4532B1AD5E1B7001D9D82 /* Project object */;
}
